// !$*UTF8*$!
{
	archiveVersion = 1;
	classes = {
	};
	objectVersion = 56;
	objects = {

/* Begin PBXBuildFile section */
		7E5A1C6B2A4228A0001DB820 /* TextFieldStyle.swift in Sources */ = {isa = PBXBuildFile; fileRef = 7E5A1C6A2A4228A0001DB820 /* TextFieldStyle.swift */; };
		7E6D54532A3DDA470071D1CE /* CurrencyApp.swift in Sources */ = {isa = PBXBuildFile; fileRef = 7E6D54522A3DDA470071D1CE /* CurrencyApp.swift */; };
		7E6D54552A3DDA470071D1CE /* ContentView.swift in Sources */ = {isa = PBXBuildFile; fileRef = 7E6D54542A3DDA470071D1CE /* ContentView.swift */; };
		7E6D54572A3DDA490071D1CE /* Assets.xcassets in Resources */ = {isa = PBXBuildFile; fileRef = 7E6D54562A3DDA490071D1CE /* Assets.xcassets */; };
		7E6D545A2A3DDA490071D1CE /* Preview Assets.xcassets in Resources */ = {isa = PBXBuildFile; fileRef = 7E6D54592A3DDA490071D1CE /* Preview Assets.xcassets */; };
		7E6D54612A3DDAA50071D1CE /* Задание IOS.txt in Resources */ = {isa = PBXBuildFile; fileRef = 7E6D54602A3DDAA50071D1CE /* Задание IOS.txt */; };
		7E6D546B2A3DDAC50071D1CE /* CurrencyViewModel.swift in Sources */ = {isa = PBXBuildFile; fileRef = 7E6D54672A3DDAC50071D1CE /* CurrencyViewModel.swift */; };
		7E6D546C2A3DDAC50071D1CE /* СurrenciesView.swift in Sources */ = {isa = PBXBuildFile; fileRef = 7E6D54692A3DDAC50071D1CE /* СurrenciesView.swift */; };
		7E6D546D2A3DDAC50071D1CE /* DetailCurrencyView.swift in Sources */ = {isa = PBXBuildFile; fileRef = 7E6D546A2A3DDAC50071D1CE /* DetailCurrencyView.swift */; };
		7E6D54862A3DDACF0071D1CE /* CurrencyModel.swift in Sources */ = {isa = PBXBuildFile; fileRef = 7E6D54852A3DDACF0071D1CE /* CurrencyModel.swift */; };
		7E6D54882A3DDAF90071D1CE /* CurrencyItemView.swift in Sources */ = {isa = PBXBuildFile; fileRef = 7E6D54872A3DDAF90071D1CE /* CurrencyItemView.swift */; };
		7E6D548A2A3DDB180071D1CE /* .gitignore in Resources */ = {isa = PBXBuildFile; fileRef = 7E6D54892A3DDB180071D1CE /* .gitignore */; };
		7E6D54922A3F1C670071D1CE /* Kingfisher in Frameworks */ = {isa = PBXBuildFile; productRef = 7E6D54912A3F1C670071D1CE /* Kingfisher */; };
		7E74FEF32A40944700BFBE77 /* ConvertorView.swift in Sources */ = {isa = PBXBuildFile; fileRef = 7E74FEF22A40944700BFBE77 /* ConvertorView.swift */; };
		7E74FEF52A40E2FE00BFBE77 /* ConvertModel.swift in Sources */ = {isa = PBXBuildFile; fileRef = 7E74FEF42A40E2FE00BFBE77 /* ConvertModel.swift */; };
/* End PBXBuildFile section */

/* Begin PBXFileReference section */
		7E5A1C6A2A4228A0001DB820 /* TextFieldStyle.swift */ = {isa = PBXFileReference; lastKnownFileType = sourcecode.swift; path = TextFieldStyle.swift; sourceTree = "<group>"; };
		7E6D544F2A3DDA470071D1CE /* Currency.app */ = {isa = PBXFileReference; explicitFileType = wrapper.application; includeInIndex = 0; path = Currency.app; sourceTree = BUILT_PRODUCTS_DIR; };
		7E6D54522A3DDA470071D1CE /* CurrencyApp.swift */ = {isa = PBXFileReference; lastKnownFileType = sourcecode.swift; path = CurrencyApp.swift; sourceTree = "<group>"; };
		7E6D54542A3DDA470071D1CE /* ContentView.swift */ = {isa = PBXFileReference; lastKnownFileType = sourcecode.swift; path = ContentView.swift; sourceTree = "<group>"; };
		7E6D54562A3DDA490071D1CE /* Assets.xcassets */ = {isa = PBXFileReference; lastKnownFileType = folder.assetcatalog; path = Assets.xcassets; sourceTree = "<group>"; };
		7E6D54592A3DDA490071D1CE /* Preview Assets.xcassets */ = {isa = PBXFileReference; lastKnownFileType = folder.assetcatalog; path = "Preview Assets.xcassets"; sourceTree = "<group>"; };
		7E6D54602A3DDAA50071D1CE /* Задание IOS.txt */ = {isa = PBXFileReference; fileEncoding = 4; lastKnownFileType = text; path = "Задание IOS.txt"; sourceTree = "<group>"; };
		7E6D54672A3DDAC50071D1CE /* CurrencyViewModel.swift */ = {isa = PBXFileReference; fileEncoding = 4; lastKnownFileType = sourcecode.swift; path = CurrencyViewModel.swift; sourceTree = "<group>"; };
		7E6D54692A3DDAC50071D1CE /* СurrenciesView.swift */ = {isa = PBXFileReference; fileEncoding = 4; lastKnownFileType = sourcecode.swift; path = "СurrenciesView.swift"; sourceTree = "<group>"; };
		7E6D546A2A3DDAC50071D1CE /* DetailCurrencyView.swift */ = {isa = PBXFileReference; fileEncoding = 4; lastKnownFileType = sourcecode.swift; path = DetailCurrencyView.swift; sourceTree = "<group>"; };
		7E6D54852A3DDACF0071D1CE /* CurrencyModel.swift */ = {isa = PBXFileReference; fileEncoding = 4; lastKnownFileType = sourcecode.swift; path = CurrencyModel.swift; sourceTree = "<group>"; };
		7E6D54872A3DDAF90071D1CE /* CurrencyItemView.swift */ = {isa = PBXFileReference; fileEncoding = 4; lastKnownFileType = sourcecode.swift; path = CurrencyItemView.swift; sourceTree = "<group>"; };
		7E6D54892A3DDB180071D1CE /* .gitignore */ = {isa = PBXFileReference; fileEncoding = 4; lastKnownFileType = text; path = .gitignore; sourceTree = "<group>"; };
		7E6D548C2A3DDCB50071D1CE /* Info.plist */ = {isa = PBXFileReference; lastKnownFileType = text.plist; path = Info.plist; sourceTree = "<group>"; };
		7E74FEF22A40944700BFBE77 /* ConvertorView.swift */ = {isa = PBXFileReference; lastKnownFileType = sourcecode.swift; path = ConvertorView.swift; sourceTree = "<group>"; };
		7E74FEF42A40E2FE00BFBE77 /* ConvertModel.swift */ = {isa = PBXFileReference; lastKnownFileType = sourcecode.swift; path = ConvertModel.swift; sourceTree = "<group>"; };
/* End PBXFileReference section */

/* Begin PBXFrameworksBuildPhase section */
		7E6D544C2A3DDA470071D1CE /* Frameworks */ = {
			isa = PBXFrameworksBuildPhase;
			buildActionMask = 2147483647;
			files = (
				7E6D54922A3F1C670071D1CE /* Kingfisher in Frameworks */,
			);
			runOnlyForDeploymentPostprocessing = 0;
		};
/* End PBXFrameworksBuildPhase section */

/* Begin PBXGroup section */
		7E6D54462A3DDA470071D1CE = {
			isa = PBXGroup;
			children = (
				7E6D54602A3DDAA50071D1CE /* Задание IOS.txt */,
				7E6D54892A3DDB180071D1CE /* .gitignore */,
				7E6D54512A3DDA470071D1CE /* Currency */,
				7E6D54502A3DDA470071D1CE /* Products */,
			);
			sourceTree = "<group>";
		};
		7E6D54502A3DDA470071D1CE /* Products */ = {
			isa = PBXGroup;
			children = (
				7E6D544F2A3DDA470071D1CE /* Currency.app */,
			);
			name = Products;
			sourceTree = "<group>";
		};
		7E6D54512A3DDA470071D1CE /* Currency */ = {
			isa = PBXGroup;
			children = (
				7E6D548C2A3DDCB50071D1CE /* Info.plist */,
				7E6D54522A3DDA470071D1CE /* CurrencyApp.swift */,
				7E6D54542A3DDA470071D1CE /* ContentView.swift */,
				7E6D54652A3DDAC50071D1CE /* PresentationLayer */,
				7E6D548B2A3DDB310071D1CE /* UIComponents */,
				7E6D54842A3DDACF0071D1CE /* Model */,
				7E6D54562A3DDA490071D1CE /* Assets.xcassets */,
				7E6D54582A3DDA490071D1CE /* Preview Content */,
			);
			path = Currency;
			sourceTree = "<group>";
		};
		7E6D54582A3DDA490071D1CE /* Preview Content */ = {
			isa = PBXGroup;
			children = (
				7E6D54592A3DDA490071D1CE /* Preview Assets.xcassets */,
			);
			path = "Preview Content";
			sourceTree = "<group>";
		};
		7E6D54652A3DDAC50071D1CE /* PresentationLayer */ = {
			isa = PBXGroup;
			children = (
				7E6D54662A3DDAC50071D1CE /* ViewModel */,
				7E6D54682A3DDAC50071D1CE /* View */,
			);
			path = PresentationLayer;
			sourceTree = "<group>";
		};
		7E6D54662A3DDAC50071D1CE /* ViewModel */ = {
			isa = PBXGroup;
			children = (
				7E6D54672A3DDAC50071D1CE /* CurrencyViewModel.swift */,
			);
			path = ViewModel;
			sourceTree = "<group>";
		};
		7E6D54682A3DDAC50071D1CE /* View */ = {
			isa = PBXGroup;
			children = (
				7E6D54692A3DDAC50071D1CE /* СurrenciesView.swift */,
				7E6D546A2A3DDAC50071D1CE /* DetailCurrencyView.swift */,
				7E74FEF22A40944700BFBE77 /* ConvertorView.swift */,
			);
			path = View;
			sourceTree = "<group>";
		};
		7E6D54842A3DDACF0071D1CE /* Model */ = {
			isa = PBXGroup;
			children = (
				7E6D54852A3DDACF0071D1CE /* CurrencyModel.swift */,
				7E74FEF42A40E2FE00BFBE77 /* ConvertModel.swift */,
			);
			path = Model;
			sourceTree = "<group>";
		};
		7E6D548B2A3DDB310071D1CE /* UIComponents */ = {
			isa = PBXGroup;
			children = (
				7E6D54872A3DDAF90071D1CE /* CurrencyItemView.swift */,
				7E5A1C6A2A4228A0001DB820 /* TextFieldStyle.swift */,
			);
			path = UIComponents;
			sourceTree = "<group>";
		};
/* End PBXGroup section */

/* Begin PBXNativeTarget section */
		7E6D544E2A3DDA470071D1CE /* Currency */ = {
			isa = PBXNativeTarget;
			buildConfigurationList = 7E6D545D2A3DDA490071D1CE /* Build configuration list for PBXNativeTarget "Currency" */;
			buildPhases = (
				7E6D544B2A3DDA470071D1CE /* Sources */,
				7E6D544C2A3DDA470071D1CE /* Frameworks */,
				7E6D544D2A3DDA470071D1CE /* Resources */,
			);
			buildRules = (
			);
			dependencies = (
			);
			name = Currency;
			packageProductDependencies = (
				7E6D54912A3F1C670071D1CE /* Kingfisher */,
			);
			productName = Currency;
			productReference = 7E6D544F2A3DDA470071D1CE /* Currency.app */;
			productType = "com.apple.product-type.application";
		};
/* End PBXNativeTarget section */

/* Begin PBXProject section */
		7E6D54472A3DDA470071D1CE /* Project object */ = {
			isa = PBXProject;
			attributes = {
				BuildIndependentTargetsInParallel = 1;
				LastSwiftUpdateCheck = 1410;
				LastUpgradeCheck = 1410;
				TargetAttributes = {
					7E6D544E2A3DDA470071D1CE = {
						CreatedOnToolsVersion = 14.1;
					};
				};
			};
			buildConfigurationList = 7E6D544A2A3DDA470071D1CE /* Build configuration list for PBXProject "Currency" */;
			compatibilityVersion = "Xcode 14.0";
			developmentRegion = en;
			hasScannedForEncodings = 0;
			knownRegions = (
				en,
				Base,
			);
			mainGroup = 7E6D54462A3DDA470071D1CE;
			packageReferences = (
				7E6D54902A3F1C670071D1CE /* XCRemoteSwiftPackageReference "Kingfisher" */,
			);
			productRefGroup = 7E6D54502A3DDA470071D1CE /* Products */;
			projectDirPath = "";
			projectRoot = "";
			targets = (
				7E6D544E2A3DDA470071D1CE /* Currency */,
			);
		};
/* End PBXProject section */

/* Begin PBXResourcesBuildPhase section */
		7E6D544D2A3DDA470071D1CE /* Resources */ = {
			isa = PBXResourcesBuildPhase;
			buildActionMask = 2147483647;
			files = (
				7E6D548A2A3DDB180071D1CE /* .gitignore in Resources */,
				7E6D54612A3DDAA50071D1CE /* Задание IOS.txt in Resources */,
				7E6D545A2A3DDA490071D1CE /* Preview Assets.xcassets in Resources */,
				7E6D54572A3DDA490071D1CE /* Assets.xcassets in Resources */,
			);
			runOnlyForDeploymentPostprocessing = 0;
		};
/* End PBXResourcesBuildPhase section */

/* Begin PBXSourcesBuildPhase section */
		7E6D544B2A3DDA470071D1CE /* Sources */ = {
			isa = PBXSourcesBuildPhase;
			buildActionMask = 2147483647;
			files = (
				7E6D54552A3DDA470071D1CE /* ContentView.swift in Sources */,
				7E6D546D2A3DDAC50071D1CE /* DetailCurrencyView.swift in Sources */,
				7E6D546B2A3DDAC50071D1CE /* CurrencyViewModel.swift in Sources */,
				7E5A1C6B2A4228A0001DB820 /* TextFieldStyle.swift in Sources */,
				7E74FEF32A40944700BFBE77 /* ConvertorView.swift in Sources */,
				7E74FEF52A40E2FE00BFBE77 /* ConvertModel.swift in Sources */,
				7E6D54532A3DDA470071D1CE /* CurrencyApp.swift in Sources */,
				7E6D54862A3DDACF0071D1CE /* CurrencyModel.swift in Sources */,
				7E6D546C2A3DDAC50071D1CE /* СurrenciesView.swift in Sources */,
				7E6D54882A3DDAF90071D1CE /* CurrencyItemView.swift in Sources */,
			);
			runOnlyForDeploymentPostprocessing = 0;
		};
/* End PBXSourcesBuildPhase section */

/* Begin XCBuildConfiguration section */
		7E6D545B2A3DDA490071D1CE /* Debug */ = {
			isa = XCBuildConfiguration;
			buildSettings = {
				ALWAYS_SEARCH_USER_PATHS = NO;
				CLANG_ANALYZER_NONNULL = YES;
				CLANG_ANALYZER_NUMBER_OBJECT_CONVERSION = YES_AGGRESSIVE;
				CLANG_CXX_LANGUAGE_STANDARD = "gnu++20";
				CLANG_ENABLE_MODULES = YES;
				CLANG_ENABLE_OBJC_ARC = YES;
				CLANG_ENABLE_OBJC_WEAK = YES;
				CLANG_WARN_BLOCK_CAPTURE_AUTORELEASING = YES;
				CLANG_WARN_BOOL_CONVERSION = YES;
				CLANG_WARN_COMMA = YES;
				CLANG_WARN_CONSTANT_CONVERSION = YES;
				CLANG_WARN_DEPRECATED_OBJC_IMPLEMENTATIONS = YES;
				CLANG_WARN_DIRECT_OBJC_ISA_USAGE = YES_ERROR;
				CLANG_WARN_DOCUMENTATION_COMMENTS = YES;
				CLANG_WARN_EMPTY_BODY = YES;
				CLANG_WARN_ENUM_CONVERSION = YES;
				CLANG_WARN_INFINITE_RECURSION = YES;
				CLANG_WARN_INT_CONVERSION = YES;
				CLANG_WARN_NON_LITERAL_NULL_CONVERSION = YES;
				CLANG_WARN_OBJC_IMPLICIT_RETAIN_SELF = YES;
				CLANG_WARN_OBJC_LITERAL_CONVERSION = YES;
				CLANG_WARN_OBJC_ROOT_CLASS = YES_ERROR;
				CLANG_WARN_QUOTED_INCLUDE_IN_FRAMEWORK_HEADER = YES;
				CLANG_WARN_RANGE_LOOP_ANALYSIS = YES;
				CLANG_WARN_STRICT_PROTOTYPES = YES;
				CLANG_WARN_SUSPICIOUS_MOVE = YES;
				CLANG_WARN_UNGUARDED_AVAILABILITY = YES_AGGRESSIVE;
				CLANG_WARN_UNREACHABLE_CODE = YES;
				CLANG_WARN__DUPLICATE_METHOD_MATCH = YES;
				COPY_PHASE_STRIP = NO;
				DEBUG_INFORMATION_FORMAT = dwarf;
				ENABLE_STRICT_OBJC_MSGSEND = YES;
				ENABLE_TESTABILITY = YES;
				GCC_C_LANGUAGE_STANDARD = gnu11;
				GCC_DYNAMIC_NO_PIC = NO;
				GCC_NO_COMMON_BLOCKS = YES;
				GCC_OPTIMIZATION_LEVEL = 0;
				GCC_PREPROCESSOR_DEFINITIONS = (
					"DEBUG=1",
					"$(inherited)",
				);
				GCC_WARN_64_TO_32_BIT_CONVERSION = YES;
				GCC_WARN_ABOUT_RETURN_TYPE = YES_ERROR;
				GCC_WARN_UNDECLARED_SELECTOR = YES;
				GCC_WARN_UNINITIALIZED_AUTOS = YES_AGGRESSIVE;
				GCC_WARN_UNUSED_FUNCTION = YES;
				GCC_WARN_UNUSED_VARIABLE = YES;
				IPHONEOS_DEPLOYMENT_TARGET = 16.1;
				MTL_ENABLE_DEBUG_INFO = INCLUDE_SOURCE;
				MTL_FAST_MATH = YES;
				ONLY_ACTIVE_ARCH = YES;
				SDKROOT = iphoneos;
				SWIFT_ACTIVE_COMPILATION_CONDITIONS = DEBUG;
				SWIFT_OPTIMIZATION_LEVEL = "-Onone";
			};
			name = Debug;
		};
		7E6D545C2A3DDA490071D1CE /* Release */ = {
			isa = XCBuildConfiguration;
			buildSettings = {
				ALWAYS_SEARCH_USER_PATHS = NO;
				CLANG_ANALYZER_NONNULL = YES;
				CLANG_ANALYZER_NUMBER_OBJECT_CONVERSION = YES_AGGRESSIVE;
				CLANG_CXX_LANGUAGE_STANDARD = "gnu++20";
				CLANG_ENABLE_MODULES = YES;
				CLANG_ENABLE_OBJC_ARC = YES;
				CLANG_ENABLE_OBJC_WEAK = YES;
				CLANG_WARN_BLOCK_CAPTURE_AUTORELEASING = YES;
				CLANG_WARN_BOOL_CONVERSION = YES;
				CLANG_WARN_COMMA = YES;
				CLANG_WARN_CONSTANT_CONVERSION = YES;
				CLANG_WARN_DEPRECATED_OBJC_IMPLEMENTATIONS = YES;
				CLANG_WARN_DIRECT_OBJC_ISA_USAGE = YES_ERROR;
				CLANG_WARN_DOCUMENTATION_COMMENTS = YES;
				CLANG_WARN_EMPTY_BODY = YES;
				CLANG_WARN_ENUM_CONVERSION = YES;
				CLANG_WARN_INFINITE_RECURSION = YES;
				CLANG_WARN_INT_CONVERSION = YES;
				CLANG_WARN_NON_LITERAL_NULL_CONVERSION = YES;
				CLANG_WARN_OBJC_IMPLICIT_RETAIN_SELF = YES;
				CLANG_WARN_OBJC_LITERAL_CONVERSION = YES;
				CLANG_WARN_OBJC_ROOT_CLASS = YES_ERROR;
				CLANG_WARN_QUOTED_INCLUDE_IN_FRAMEWORK_HEADER = YES;
				CLANG_WARN_RANGE_LOOP_ANALYSIS = YES;
				CLANG_WARN_STRICT_PROTOTYPES = YES;
				CLANG_WARN_SUSPICIOUS_MOVE = YES;
				CLANG_WARN_UNGUARDED_AVAILABILITY = YES_AGGRESSIVE;
				CLANG_WARN_UNREACHABLE_CODE = YES;
				CLANG_WARN__DUPLICATE_METHOD_MATCH = YES;
				COPY_PHASE_STRIP = NO;
				DEBUG_INFORMATION_FORMAT = "dwarf-with-dsym";
				ENABLE_NS_ASSERTIONS = NO;
				ENABLE_STRICT_OBJC_MSGSEND = YES;
				GCC_C_LANGUAGE_STANDARD = gnu11;
				GCC_NO_COMMON_BLOCKS = YES;
				GCC_WARN_64_TO_32_BIT_CONVERSION = YES;
				GCC_WARN_ABOUT_RETURN_TYPE = YES_ERROR;
				GCC_WARN_UNDECLARED_SELECTOR = YES;
				GCC_WARN_UNINITIALIZED_AUTOS = YES_AGGRESSIVE;
				GCC_WARN_UNUSED_FUNCTION = YES;
				GCC_WARN_UNUSED_VARIABLE = YES;
				IPHONEOS_DEPLOYMENT_TARGET = 16.1;
				MTL_ENABLE_DEBUG_INFO = NO;
				MTL_FAST_MATH = YES;
				SDKROOT = iphoneos;
				SWIFT_COMPILATION_MODE = wholemodule;
				SWIFT_OPTIMIZATION_LEVEL = "-O";
				VALIDATE_PRODUCT = YES;
			};
			name = Release;
		};
		7E6D545E2A3DDA490071D1CE /* Debug */ = {
			isa = XCBuildConfiguration;
			buildSettings = {
				ASSETCATALOG_COMPILER_APPICON_NAME = AppIcon;
				ASSETCATALOG_COMPILER_GLOBAL_ACCENT_COLOR_NAME = AccentColor;
				CODE_SIGN_STYLE = Automatic;
				CURRENT_PROJECT_VERSION = 1;
				DEVELOPMENT_ASSET_PATHS = "\"Currency/Preview Content\"";
				ENABLE_PREVIEWS = YES;
				GENERATE_INFOPLIST_FILE = YES;
				INFOPLIST_FILE = Currency/Info.plist;
				INFOPLIST_KEY_UIApplicationSceneManifest_Generation = YES;
				INFOPLIST_KEY_UIApplicationSupportsIndirectInputEvents = YES;
				INFOPLIST_KEY_UILaunchScreen_Generation = YES;
				INFOPLIST_KEY_UISupportedInterfaceOrientations_iPad = "UIInterfaceOrientationPortrait UIInterfaceOrientationPortraitUpsideDown UIInterfaceOrientationLandscapeLeft UIInterfaceOrientationLandscapeRight";
				INFOPLIST_KEY_UISupportedInterfaceOrientations_iPhone = "UIInterfaceOrientationPortrait UIInterfaceOrientationLandscapeLeft UIInterfaceOrientationLandscapeRight";
				LD_RUNPATH_SEARCH_PATHS = (
					"$(inherited)",
					"@executable_path/Frameworks",
				);
				MARKETING_VERSION = 1.0;
				PRODUCT_BUNDLE_IDENTIFIER = com.Kamilla.Currency;
				PRODUCT_NAME = "$(TARGET_NAME)";
				SWIFT_EMIT_LOC_STRINGS = YES;
				SWIFT_VERSION = 5.0;
				TARGETED_DEVICE_FAMILY = "1,2";
			};
			name = Debug;
		};
		7E6D545F2A3DDA490071D1CE /* Release */ = {
			isa = XCBuildConfiguration;
			buildSettings = {
				ASSETCATALOG_COMPILER_APPICON_NAME = AppIcon;
				ASSETCATALOG_COMPILER_GLOBAL_ACCENT_COLOR_NAME = AccentColor;
				CODE_SIGN_STYLE = Automatic;
				CURRENT_PROJECT_VERSION = 1;
				DEVELOPMENT_ASSET_PATHS = "\"Currency/Preview Content\"";
				ENABLE_PREVIEWS = YES;
				GENERATE_INFOPLIST_FILE = YES;
				INFOPLIST_FILE = Currency/Info.plist;
				INFOPLIST_KEY_UIApplicationSceneManifest_Generation = YES;
				INFOPLIST_KEY_UIApplicationSupportsIndirectInputEvents = YES;
				INFOPLIST_KEY_UILaunchScreen_Generation = YES;
				INFOPLIST_KEY_UISupportedInterfaceOrientations_iPad = "UIInterfaceOrientationPortrait UIInterfaceOrientationPortraitUpsideDown UIInterfaceOrientationLandscapeLeft UIInterfaceOrientationLandscapeRight";
				INFOPLIST_KEY_UISupportedInterfaceOrientations_iPhone = "UIInterfaceOrientationPortrait UIInterfaceOrientationLandscapeLeft UIInterfaceOrientationLandscapeRight";
				LD_RUNPATH_SEARCH_PATHS = (
					"$(inherited)",
					"@executable_path/Frameworks",
				);
				MARKETING_VERSION = 1.0;
				PRODUCT_BUNDLE_IDENTIFIER = com.Kamilla.Currency;
				PRODUCT_NAME = "$(TARGET_NAME)";
				SWIFT_EMIT_LOC_STRINGS = YES;
				SWIFT_VERSION = 5.0;
				TARGETED_DEVICE_FAMILY = "1,2";
			};
			name = Release;
		};
/* End XCBuildConfiguration section */

/* Begin XCConfigurationList section */
		7E6D544A2A3DDA470071D1CE /* Build configuration list for PBXProject "Currency" */ = {
			isa = XCConfigurationList;
			buildConfigurations = (
				7E6D545B2A3DDA490071D1CE /* Debug */,
				7E6D545C2A3DDA490071D1CE /* Release */,
			);
			defaultConfigurationIsVisible = 0;
			defaultConfigurationName = Release;
		};
		7E6D545D2A3DDA490071D1CE /* Build configuration list for PBXNativeTarget "Currency" */ = {
			isa = XCConfigurationList;
			buildConfigurations = (
				7E6D545E2A3DDA490071D1CE /* Debug */,
				7E6D545F2A3DDA490071D1CE /* Release */,
			);
			defaultConfigurationIsVisible = 0;
			defaultConfigurationName = Release;
		};
/* End XCConfigurationList section */

/* Begin XCRemoteSwiftPackageReference section */
		7E6D54902A3F1C670071D1CE /* XCRemoteSwiftPackageReference "Kingfisher" */ = {
			isa = XCRemoteSwiftPackageReference;
			repositoryURL = "https://github.com/onevcat/Kingfisher.git";
			requirement = {
				branch = master;
				kind = branch;
			};
		};
/* End XCRemoteSwiftPackageReference section */

/* Begin XCSwiftPackageProductDependency section */
		7E6D54912A3F1C670071D1CE /* Kingfisher */ = {
			isa = XCSwiftPackageProductDependency;
			package = 7E6D54902A3F1C670071D1CE /* XCRemoteSwiftPackageReference "Kingfisher" */;
			productName = Kingfisher;
		};
/* End XCSwiftPackageProductDependency section */
	};
	rootObject = 7E6D54472A3DDA470071D1CE /* Project object */;
}
