{
  "pins" : [
    {
      "identity" : "kingfisher",
      "kind" : "remoteSourceControl",
      "location" : "https://github.com/onevcat/Kingfisher.git",
      "state" : {
        "branch" : "master",
        "revision" : "3f6992b5cd3143e83b02300ea59c400d4cf0747a"
      }
    }
  ],
  "version" : 2
}
